Microsoft Visual Studio Solution File, Format Version 12.00
# Visual Studio Version 17
VisualStudioVersion = 17.5.2.0
MinimumVisualStudioVersion = 10.0.40219.1
Project("{FAE04EC0-301F-11D3-BF4B-00C04F79EFBC}") = "TestProjectAnnur", "TestProjectAnnur.csproj", "{07367E9F-979C-5149-0A12-442EAFC6AE34}"
EndProject
Global
	GlobalSection(SolutionConfigurationPlatforms) = preSolution
		Debug|Any CPU = Debug|Any CPU
		Release|Any CPU = Release|Any CPU
	EndGlobalSection
	GlobalSection(ProjectConfigurationPlatforms) = postSolution
		{07367E9F-979C-5149-0A12-442EAFC6AE34}.Debug|Any CPU.ActiveCfg = Debug|Any CPU
		{07367E9F-979C-5149-0A12-442EAFC6AE34}.Debug|Any CPU.Build.0 = Debug|Any CPU
		{07367E9F-979C-5149-0A12-442EAFC6AE34}.Release|Any CPU.ActiveCfg = Release|Any CPU
		{07367E9F-979C-5149-0A12-442EAFC6AE34}.Release|Any CPU.Build.0 = Release|Any CPU
	EndGlobalSection
	GlobalSection(SolutionProperties) = preSolution
		HideSolutionNode = FALSE
	EndGlobalSection
	GlobalSection(ExtensibilityGlobals) = postSolution
		SolutionGuid = {759D966A-9173-4609-9EC0-E3242C907AE7}
	EndGlobalSection
EndGlobal
